{
  "originHash" : "91385500da9169c289aeebb34e745e4f19f78efa16ed449bac124918eec84cb6",
  "pins" : [
    {
      "identity" : "capacitor-swift-pm",
      "kind" : "remoteSourceControl",
      "location" : "https://github.com/ionic-team/capacitor-swift-pm.git",
      "state" : {
        "revision" : "2231987d85b8b0b289320b1d0947b4ae8345cde4",
        "version" : "8.4.1"
      }
    },
    {
      "identity" : "mapbox-common-ios",
      "kind" : "remoteSourceControl",
      "location" : "https://github.com/mapbox/mapbox-common-ios.git",
      "state" : {
        "revision" : "3f75a38a631836aa76f291034a1eac5f614b22c8",
        "version" : "24.26.0"
      }
    },
    {
      "identity" : "mapbox-core-maps-ios",
      "kind" : "remoteSourceControl",
      "location" : "https://github.com/mapbox/mapbox-core-maps-ios.git",
      "state" : {
        "revision" : "77687efffacd04bd9d22e532bfb4cb71c3ec1e5e",
        "version" : "11.26.0"
      }
    },
    {
      "identity" : "mapbox-maps-ios",
      "kind" : "remoteSourceControl",
      "location" : "https://github.com/mapbox/mapbox-maps-ios.git",
      "state" : {
        "revision" : "b5322aadda8070b019a0a37bc5f64d7b8ca4ca0d",
        "version" : "11.26.0"
      }
    },
    {
      "identity" : "mapbox-navigation-ios",
      "kind" : "remoteSourceControl",
      "location" : "https://github.com/mapbox/mapbox-navigation-ios.git",
      "state" : {
        "revision" : "eafb37456445187de247c21f16fa5952475acced",
        "version" : "3.26.0"
      }
    },
    {
      "identity" : "mapbox-navigation-native-ios",
      "kind" : "remoteSourceControl",
      "location" : "https://github.com/mapbox/mapbox-navigation-native-ios.git",
      "state" : {
        "revision" : "7e7e05e2714c04f15ba2c994af63b2d0454358cb",
        "version" : "324.26.0"
      }
    },
    {
      "identity" : "swift-argument-parser",
      "kind" : "remoteSourceControl",
      "location" : "https://github.com/apple/swift-argument-parser",
      "state" : {
        "revision" : "6a52f3251125d74daf04fcbd5e6f08a75d074382",
        "version" : "1.8.2"
      }
    },
    {
      "identity" : "swift-custom-dump",
      "kind" : "remoteSourceControl",
      "location" : "https://github.com/pointfreeco/swift-custom-dump",
      "state" : {
        "revision" : "a8cd6c976f335ed361dcecddb0dc39ebda51bc3e",
        "version" : "1.6.1"
      }
    },
    {
      "identity" : "swift-snapshot-testing",
      "kind" : "remoteSourceControl",
      "location" : "https://github.com/pointfreeco/swift-snapshot-testing.git",
      "state" : {
        "revision" : "1bc16f430d8410e7f087d4c787767b26fd32fe30",
        "version" : "1.19.3"
      }
    },
    {
      "identity" : "swift-syntax",
      "kind" : "remoteSourceControl",
      "location" : "https://github.com/swiftlang/swift-syntax",
      "state" : {
        "revision" : "79e4b74a295b6eb74a8b585e3a39d29e70c1dbd1",
        "version" : "603.0.2"
      }
    },
    {
      "identity" : "turf-swift",
      "kind" : "remoteSourceControl",
      "location" : "https://github.com/mapbox/turf-swift.git",
      "state" : {
        "revision" : "bf840e6b9529d105687840fe2c9dcd74197d46d1",
        "version" : "4.0.0"
      }
    },
    {
      "identity" : "xctest-dynamic-overlay",
      "kind" : "remoteSourceControl",
      "location" : "https://github.com/pointfreeco/xctest-dynamic-overlay",
      "state" : {
        "revision" : "8f6abcf4c8950e2679d5b2fee4ca284fd7c34886",
        "version" : "1.11.0"
      }
    }
  ],
  "version" : 3
}
